// !$*UTF8*$!
{
	archiveVersion = 1;
	classes = {
	};
	objectVersion = 46;
	objects = {

/* Begin PBXBuildFile section */
		7E2C0E8C1C319A6F00F9A2D4 /* AppDelegate.swift in Sources */ = {isa = PBXBuildFile; fileRef = 7E2C0E8B1C319A6F00F9A2D4 /* AppDelegate.swift */; };
		7E2C0E8E1C319A6F00F9A2D4 /* ViewController.swift in Sources */ = {isa = PBXBuildFile; fileRef = 7E2C0E8D1C319A6F00F9A2D4 /* ViewController.swift */; };
		7E2C0E911C319A6F00F9A2D4 /* Main.storyboard in Resources */ = {isa = PBXBuildFile; fileRef = 7E2C0E8F1C319A6F00F9A2D4 /* Main.storyboard */; };
		7E2C0E931C319A6F00F9A2D4 /* Assets.xcassets in Resources */ = {isa = PBXBuildFile; fileRef = 7E2C0E921C319A6F00F9A2D4 /* Assets.xcassets */; };
		7E2C0E961C319A6F00F9A2D4 /* LaunchScreen.storyboard in Resources */ = {isa = PBXBuildFile; fileRef = 7E2C0E941C319A6F00F9A2D4 /* LaunchScreen.storyboard */; };
		7E2C0EA11C319A6F00F9A2D4 /* macScreenGetTestTests.swift in Sources */ = {isa = PBXBuildFile; fileRef = 7E2C0EA01C319A6F00F9A2D4 /* macScreenGetTestTests.swift */; };
		7E2C0EAC1C319A6F00F9A2D4 /* macScreenGetTestUITests.swift in Sources */ = {isa = PBXBuildFile; fileRef = 7E2C0EAB1C319A6F00F9A2D4 /* macScreenGetTestUITests.swift */; };
/* End PBXBuildFile section */

/* Begin PBXContainerItemProxy section */
		7E2C0E9D1C319A6F00F9A2D4 /* PBXContainerItemProxy */ = {
			isa = PBXContainerItemProxy;
			containerPortal = 7E2C0E801C319A6F00F9A2D4 /* Project object */;
			proxyType = 1;
			remoteGlobalIDString = 7E2C0E871C319A6F00F9A2D4;
			remoteInfo = macScreenGetTest;
		};
		7E2C0EA81C319A6F00F9A2D4 /* PBXContainerItemProxy */ = {
			isa = PBXContainerItemProxy;
			containerPortal = 7E2C0E801C319A6F00F9A2D4 /* Project object */;
			proxyType = 1;
			remoteGlobalIDString = 7E2C0E871C319A6F00F9A2D4;
			remoteInfo = macScreenGetTest;
		};
/* End PBXContainerItemProxy section */

/* Begin PBXFileReference section */
		7E2C0E881C319A6F00F9A2D4 /* macScreenGetTest.app */ = {isa = PBXFileReference; explicitFileType = wrapper.application; includeInIndex = 0; path = macScreenGetTest.app; sourceTree = BUILT_PRODUCTS_DIR; };
		7E2C0E8B1C319A6F00F9A2D4 /* AppDelegate.swift */ = {isa = PBXFileReference; lastKnownFileType = sourcecode.swift; path = AppDelegate.swift; sourceTree = "<group>"; };
		7E2C0E8D1C319A6F00F9A2D4 /* ViewController.swift */ = {isa = PBXFileReference; lastKnownFileType = sourcecode.swift; path = ViewController.swift; sourceTree = "<group>"; };
		7E2C0E901C319A6F00F9A2D4 /* Base */ = {isa = PBXFileReference; lastKnownFileType = file.storyboard; name = Base; path = Base.lproj/Main.storyboard; sourceTree = "<group>"; };
		7E2C0E921C319A6F00F9A2D4 /* Assets.xcassets */ = {isa = PBXFileReference; lastKnownFileType = folder.assetcatalog; path = Assets.xcassets; sourceTree = "<group>"; };
		7E2C0E951C319A6F00F9A2D4 /* Base */ = {isa = PBXFileReference; lastKnownFileType = file.storyboard; name = Base; path = Base.lproj/LaunchScreen.storyboard; sourceTree = "<group>"; };
		7E2C0E971C319A6F00F9A2D4 /* Info.plist */ = {isa = PBXFileReference; lastKnownFileType = text.plist.xml; path = Info.plist; sourceTree = "<group>"; };
		7E2C0E9C1C319A6F00F9A2D4 /* macScreenGetTestTests.xctest */ = {isa = PBXFileReference; explicitFileType = wrapper.cfbundle; includeInIndex = 0; path = macScreenGetTestTests.xctest; sourceTree = BUILT_PRODUCTS_DIR; };
		7E2C0EA01C319A6F00F9A2D4 /* macScreenGetTestTests.swift */ = {isa = PBXFileReference; lastKnownFileType = sourcecode.swift; path = macScreenGetTestTests.swift; sourceTree = "<group>"; };
		7E2C0EA21C319A6F00F9A2D4 /* Info.plist */ = {isa = PBXFileReference; lastKnownFileType = text.plist.xml; path = Info.plist; sourceTree = "<group>"; };
		7E2C0EA71C319A6F00F9A2D4 /* macScreenGetTestUITests.xctest */ = {isa = PBXFileReference; explicitFileType = wrapper.cfbundle; includeInIndex = 0; path = macScreenGetTestUITests.xctest; sourceTree = BUILT_PRODUCTS_DIR; };
		7E2C0EAB1C319A6F00F9A2D4 /* macScreenGetTestUITests.swift */ = {isa = PBXFileReference; lastKnownFileType = sourcecode.swift; path = macScreenGetTestUITests.swift; sourceTree = "<group>"; };
		7E2C0EAD1C319A6F00F9A2D4 /* Info.plist */ = {isa = PBXFileReference; lastKnownFileType = text.plist.xml; path = Info.plist; sourceTree = "<group>"; };
/* End PBXFileReference section */

/* Begin PBXFrameworksBuildPhase section */
		7E2C0E851C319A6F00F9A2D4 /* Frameworks */ = {
			isa = PBXFrameworksBuildPhase;
			buildActionMask = 2147483647;
			files = (
			);
			runOnlyForDeploymentPostprocessing = 0;
		};
		7E2C0E991C319A6F00F9A2D4 /* Frameworks */ = {
			isa = PBXFrameworksBuildPhase;
			buildActionMask = 2147483647;
			files = (
			);
			runOnlyForDeploymentPostprocessing = 0;
		};
		7E2C0EA41C319A6F00F9A2D4 /* Frameworks */ = {
			isa = PBXFrameworksBuildPhase;
			buildActionMask = 2147483647;
			files = (
			);
			runOnlyForDeploymentPostprocessing = 0;
		};
/* End PBXFrameworksBuildPhase section */

/* Begin PBXGroup section */
		7E2C0E7F1C319A6F00F9A2D4 = {
			isa = PBXGroup;
			children = (
				7E2C0E8A1C319A6F00F9A2D4 /* macScreenGetTest */,
				7E2C0E9F1C319A6F00F9A2D4 /* macScreenGetTestTests */,
				7E2C0EAA1C319A6F00F9A2D4 /* macScreenGetTestUITests */,
				7E2C0E891C319A6F00F9A2D4 /* Products */,
			);
			sourceTree = "<group>";
		};
		7E2C0E891C319A6F00F9A2D4 /* Products */ = {
			isa = PBXGroup;
			children = (
				7E2C0E881C319A6F00F9A2D4 /* macScreenGetTest.app */,
				7E2C0E9C1C319A6F00F9A2D4 /* macScreenGetTestTests.xctest */,
				7E2C0EA71C319A6F00F9A2D4 /* macScreenGetTestUITests.xctest */,
			);
			name = Products;
			sourceTree = "<group>";
		};
		7E2C0E8A1C319A6F00F9A2D4 /* macScreenGetTest */ = {
			isa = PBXGroup;
			children = (
				7E2C0E8B1C319A6F00F9A2D4 /* AppDelegate.swift */,
				7E2C0E8D1C319A6F00F9A2D4 /* ViewController.swift */,
				7E2C0E8F1C319A6F00F9A2D4 /* Main.storyboard */,
				7E2C0E921C319A6F00F9A2D4 /* Assets.xcassets */,
				7E2C0E941C319A6F00F9A2D4 /* LaunchScreen.storyboard */,
				7E2C0E971C319A6F00F9A2D4 /* Info.plist */,
			);
			path = macScreenGetTest;
			sourceTree = "<group>";
		};
		7E2C0E9F1C319A6F00F9A2D4 /* macScreenGetTestTests */ = {
			isa = PBXGroup;
			children = (
				7E2C0EA01C319A6F00F9A2D4 /* macScreenGetTestTests.swift */,
				7E2C0EA21C319A6F00F9A2D4 /* Info.plist */,
			);
			path = macScreenGetTestTests;
			sourceTree = "<group>";
		};
		7E2C0EAA1C319A6F00F9A2D4 /* macScreenGetTestUITests */ = {
			isa = PBXGroup;
			children = (
				7E2C0EAB1C319A6F00F9A2D4 /* macScreenGetTestUITests.swift */,
				7E2C0EAD1C319A6F00F9A2D4 /* Info.plist */,
			);
			path = macScreenGetTestUITests;
			sourceTree = "<group>";
		};
/* End PBXGroup section */

/* Begin PBXNativeTarget section */
		7E2C0E871C319A6F00F9A2D4 /* macScreenGetTest */ = {
			isa = PBXNativeTarget;
			buildConfigurationList = 7E2C0EB01C319A6F00F9A2D4 /* Build configuration list for PBXNativeTarget "macScreenGetTest" */;
			buildPhases = (
				7E2C0E841C319A6F00F9A2D4 /* Sources */,
				7E2C0E851C319A6F00F9A2D4 /* Frameworks */,
				7E2C0E861C319A6F00F9A2D4 /* Resources */,
			);
			buildRules = (
			);
			dependencies = (
			);
			name = macScreenGetTest;
			productName = macScreenGetTest;
			productReference = 7E2C0E881C319A6F00F9A2D4 /* macScreenGetTest.app */;
			productType = "com.apple.product-type.application";
		};
		7E2C0E9B1C319A6F00F9A2D4 /* macScreenGetTestTests */ = {
			isa = PBXNativeTarget;
			buildConfigurationList = 7E2C0EB31C319A6F00F9A2D4 /* Build configuration list for PBXNativeTarget "macScreenGetTestTests" */;
			buildPhases = (
				7E2C0E981C319A6F00F9A2D4 /* Sources */,
				7E2C0E991C319A6F00F9A2D4 /* Frameworks */,
				7E2C0E9A1C319A6F00F9A2D4 /* Resources */,
			);
			buildRules = (
			);
			dependencies = (
				7E2C0E9E1C319A6F00F9A2D4 /* PBXTargetDependency */,
			);
			name = macScreenGetTestTests;
			productName = macScreenGetTestTests;
			productReference = 7E2C0E9C1C319A6F00F9A2D4 /* macScreenGetTestTests.xctest */;
			productType = "com.apple.product-type.bundle.unit-test";
		};
		7E2C0EA61C319A6F00F9A2D4 /* macScreenGetTestUITests */ = {
			isa = PBXNativeTarget;
			buildConfigurationList = 7E2C0EB61C319A6F00F9A2D4 /* Build configuration list for PBXNativeTarget "macScreenGetTestUITests" */;
			buildPhases = (
				7E2C0EA31C319A6F00F9A2D4 /* Sources */,
				7E2C0EA41C319A6F00F9A2D4 /* Frameworks */,
				7E2C0EA51C319A6F00F9A2D4 /* Resources */,
			);
			buildRules = (
			);
			dependencies = (
				7E2C0EA91C319A6F00F9A2D4 /* PBXTargetDependency */,
			);
			name = macScreenGetTestUITests;
			productName = macScreenGetTestUITests;
			productReference = 7E2C0EA71C319A6F00F9A2D4 /* macScreenGetTestUITests.xctest */;
			productType = "com.apple.product-type.bundle.ui-testing";
		};
/* End PBXNativeTarget section */

/* Begin PBXProject section */
		7E2C0E801C319A6F00F9A2D4 /* Project object */ = {
			isa = PBXProject;
			attributes = {
				LastSwiftUpdateCheck = 0710;
				LastUpgradeCheck = 0710;
				ORGANIZATIONNAME = "Rishi Masand";
				TargetAttributes = {
					7E2C0E871C319A6F00F9A2D4 = {
						CreatedOnToolsVersion = 7.1.1;
						DevelopmentTeam = M83Z8T4E5J;
					};
					7E2C0E9B1C319A6F00F9A2D4 = {
						CreatedOnToolsVersion = 7.1.1;
						TestTargetID = 7E2C0E871C319A6F00F9A2D4;
					};
					7E2C0EA61C319A6F00F9A2D4 = {
						CreatedOnToolsVersion = 7.1.1;
						TestTargetID = 7E2C0E871C319A6F00F9A2D4;
					};
				};
			};
			buildConfigurationList = 7E2C0E831C319A6F00F9A2D4 /* Build configuration list for PBXProject "macScreenGetTest" */;
			compatibilityVersion = "Xcode 3.2";
			developmentRegion = English;
			hasScannedForEncodings = 0;
			knownRegions = (
				en,
				Base,
			);
			mainGroup = 7E2C0E7F1C319A6F00F9A2D4;
			productRefGroup = 7E2C0E891C319A6F00F9A2D4 /* Products */;
			projectDirPath = "";
			projectRoot = "";
			targets = (
				7E2C0E871C319A6F00F9A2D4 /* macScreenGetTest */,
				7E2C0E9B1C319A6F00F9A2D4 /* macScreenGetTestTests */,
				7E2C0EA61C319A6F00F9A2D4 /* macScreenGetTestUITests */,
			);
		};
/* End PBXProject section */

/* Begin PBXResourcesBuildPhase section */
		7E2C0E861C319A6F00F9A2D4 /* Resources */ = {
			isa = PBXResourcesBuildPhase;
			buildActionMask = 2147483647;
			files = (
				7E2C0E961C319A6F00F9A2D4 /* LaunchScreen.storyboard in Resources */,
				7E2C0E931C319A6F00F9A2D4 /* Assets.xcassets in Resources */,
				7E2C0E911C319A6F00F9A2D4 /* Main.storyboard in Resources */,
			);
			runOnlyForDeploymentPostprocessing = 0;
		};
		7E2C0E9A1C319A6F00F9A2D4 /* Resources */ = {
			isa = PBXResourcesBuildPhase;
			buildActionMask = 2147483647;
			files = (
			);
			runOnlyForDeploymentPostprocessing = 0;
		};
		7E2C0EA51C319A6F00F9A2D4 /* Resources */ = {
			isa = PBXResourcesBuildPhase;
			buildActionMask = 2147483647;
			files = (
			);
			runOnlyForDeploymentPostprocessing = 0;
		};
/* End PBXResourcesBuildPhase section */

/* Begin PBXSourcesBuildPhase section */
		7E2C0E841C319A6F00F9A2D4 /* Sources */ = {
			isa = PBXSourcesBuildPhase;
			buildActionMask = 2147483647;
			files = (
				7E2C0E8E1C319A6F00F9A2D4 /* ViewController.swift in Sources */,
				7E2C0E8C1C319A6F00F9A2D4 /* AppDelegate.swift in Sources */,
			);
			runOnlyForDeploymentPostprocessing = 0;
		};
		7E2C0E981C319A6F00F9A2D4 /* Sources */ = {
			isa = PBXSourcesBuildPhase;
			buildActionMask = 2147483647;
			files = (
				7E2C0EA11C319A6F00F9A2D4 /* macScreenGetTestTests.swift in Sources */,
			);
			runOnlyForDeploymentPostprocessing = 0;
		};
		7E2C0EA31C319A6F00F9A2D4 /* Sources */ = {
			isa = PBXSourcesBuildPhase;
			buildActionMask = 2147483647;
			files = (
				7E2C0EAC1C319A6F00F9A2D4 /* macScreenGetTestUITests.swift in Sources */,
			);
			runOnlyForDeploymentPostprocessing = 0;
		};
/* End PBXSourcesBuildPhase section */

/* Begin PBXTargetDependency section */
		7E2C0E9E1C319A6F00F9A2D4 /* PBXTargetDependency */ = {
			isa = PBXTargetDependency;
			target = 7E2C0E871C319A6F00F9A2D4 /* macScreenGetTest */;
			targetProxy = 7E2C0E9D1C319A6F00F9A2D4 /* PBXContainerItemProxy */;
		};
		7E2C0EA91C319A6F00F9A2D4 /* PBXTargetDependency */ = {
			isa = PBXTargetDependency;
			target = 7E2C0E871C319A6F00F9A2D4 /* macScreenGetTest */;
			targetProxy = 7E2C0EA81C319A6F00F9A2D4 /* PBXContainerItemProxy */;
		};
/* End PBXTargetDependency section */

/* Begin PBXVariantGroup section */
		7E2C0E8F1C319A6F00F9A2D4 /* Main.storyboard */ = {
			isa = PBXVariantGroup;
			children = (
				7E2C0E901C319A6F00F9A2D4 /* Base */,
			);
			name = Main.storyboard;
			sourceTree = "<group>";
		};
		7E2C0E941C319A6F00F9A2D4 /* LaunchScreen.storyboard */ = {
			isa = PBXVariantGroup;
			children = (
				7E2C0E951C319A6F00F9A2D4 /* Base */,
			);
			name = LaunchScreen.storyboard;
			sourceTree = "<group>";
		};
/* End PBXVariantGroup section */

/* Begin XCBuildConfiguration section */
		7E2C0EAE1C319A6F00F9A2D4 /* Debug */ = {
			isa = XCBuildConfiguration;
			buildSettings = {
				ALWAYS_SEARCH_USER_PATHS = NO;
				CLANG_CXX_LANGUAGE_STANDARD = "gnu++0x";
				CLANG_CXX_LIBRARY = "libc++";
				CLANG_ENABLE_MODULES = YES;
				CLANG_ENABLE_OBJC_ARC = YES;
				CLANG_WARN_BOOL_CONVERSION = YES;
				CLANG_WARN_CONSTANT_CONVERSION = YES;
				CLANG_WARN_DIRECT_OBJC_ISA_USAGE = YES_ERROR;
				CLANG_WARN_EMPTY_BODY = YES;
				CLANG_WARN_ENUM_CONVERSION = YES;
				CLANG_WARN_INT_CONVERSION = YES;
				CLANG_WARN_OBJC_ROOT_CLASS = YES_ERROR;
				CLANG_WARN_UNREACHABLE_CODE = YES;
				CLANG_WARN__DUPLICATE_METHOD_MATCH = YES;
				"CODE_SIGN_IDENTITY[sdk=iphoneos*]" = "iPhone Developer";
				COPY_PHASE_STRIP = NO;
				DEBUG_INFORMATION_FORMAT = dwarf;
				ENABLE_STRICT_OBJC_MSGSEND = YES;
				ENABLE_TESTABILITY = YES;
				GCC_C_LANGUAGE_STANDARD = gnu99;
				GCC_DYNAMIC_NO_PIC = NO;
				GCC_NO_COMMON_BLOCKS = YES;
				GCC_OPTIMIZATION_LEVEL = 0;
				GCC_PREPROCESSOR_DEFINITIONS = (
					"DEBUG=1",
					"$(inherited)",
				);
				GCC_WARN_64_TO_32_BIT_CONVERSION = YES;
				GCC_WARN_ABOUT_RETURN_TYPE = YES_ERROR;
				GCC_WARN_UNDECLARED_SELECTOR = YES;
				GCC_WARN_UNINITIALIZED_AUTOS = YES_AGGRESSIVE;
				GCC_WARN_UNUSED_FUNCTION = YES;
				GCC_WARN_UNUSED_VARIABLE = YES;
				IPHONEOS_DEPLOYMENT_TARGET = 9.1;
				MTL_ENABLE_DEBUG_INFO = YES;
				ONLY_ACTIVE_ARCH = YES;
				SDKROOT = iphoneos;
				SWIFT_OPTIMIZATION_LEVEL = "-Onone";
				TARGETED_DEVICE_FAMILY = "1,2";
			};
			name = Debug;
		};
		7E2C0EAF1C319A6F00F9A2D4 /* Release */ = {
			isa = XCBuildConfiguration;
			buildSettings = {
				ALWAYS_SEARCH_USER_PATHS = NO;
				CLANG_CXX_LANGUAGE_STANDARD = "gnu++0x";
				CLANG_CXX_LIBRARY = "libc++";
				CLANG_ENABLE_MODULES = YES;
				CLANG_ENABLE_OBJC_ARC = YES;
				CLANG_WARN_BOOL_CONVERSION = YES;
				CLANG_WARN_CONSTANT_CONVERSION = YES;
				CLANG_WARN_DIRECT_OBJC_ISA_USAGE = YES_ERROR;
				CLANG_WARN_EMPTY_BODY = YES;
				CLANG_WARN_ENUM_CONVERSION = YES;
				CLANG_WARN_INT_CONVERSION = YES;
				CLANG_WARN_OBJC_ROOT_CLASS = YES_ERROR;
				CLANG_WARN_UNREACHABLE_CODE = YES;
				CLANG_WARN__DUPLICATE_METHOD_MATCH = YES;
				"CODE_SIGN_IDENTITY[sdk=iphoneos*]" = "iPhone Developer";
				COPY_PHASE_STRIP = NO;
				DEBUG_INFORMATION_FORMAT = "dwarf-with-dsym";
				ENABLE_NS_ASSERTIONS = NO;
				ENABLE_STRICT_OBJC_MSGSEND = YES;
				GCC_C_LANGUAGE_STANDARD = gnu99;
				GCC_NO_COMMON_BLOCKS = YES;
				GCC_WARN_64_TO_32_BIT_CONVERSION = YES;
				GCC_WARN_ABOUT_RETURN_TYPE = YES_ERROR;
				GCC_WARN_UNDECLARED_SELECTOR = YES;
				GCC_WARN_UNINITIALIZED_AUTOS = YES_AGGRESSIVE;
				GCC_WARN_UNUSED_FUNCTION = YES;
				GCC_WARN_UNUSED_VARIABLE = YES;
				IPHONEOS_DEPLOYMENT_TARGET = 9.1;
				MTL_ENABLE_DEBUG_INFO = NO;
				SDKROOT = iphoneos;
				TARGETED_DEVICE_FAMILY = "1,2";
				VALIDATE_PRODUCT = YES;
			};
			name = Release;
		};
		7E2C0EB11C319A6F00F9A2D4 /* Debug */ = {
			isa = XCBuildConfiguration;
			buildSettings = {
				ASSETCATALOG_COMPILER_APPICON_NAME = AppIcon;
				CODE_SIGN_IDENTITY = "iPhone Developer";
				INFOPLIST_FILE = macScreenGetTest/Info.plist;
				IPHONEOS_DEPLOYMENT_TARGET = 9.0;
				LD_RUNPATH_SEARCH_PATHS = "$(inherited) @executable_path/Frameworks";
				PRODUCT_BUNDLE_IDENTIFIER = com.rishimasand.macScreenGetTest;
				PRODUCT_NAME = "$(TARGET_NAME)";
			};
			name = Debug;
		};
		7E2C0EB21C319A6F00F9A2D4 /* Release */ = {
			isa = XCBuildConfiguration;
			buildSettings = {
				ASSETCATALOG_COMPILER_APPICON_NAME = AppIcon;
				CODE_SIGN_IDENTITY = "iPhone Developer";
				INFOPLIST_FILE = macScreenGetTest/Info.plist;
				IPHONEOS_DEPLOYMENT_TARGET = 9.0;
				LD_RUNPATH_SEARCH_PATHS = "$(inherited) @executable_path/Frameworks";
				PRODUCT_BUNDLE_IDENTIFIER = com.rishimasand.macScreenGetTest;
				PRODUCT_NAME = "$(TARGET_NAME)";
			};
			name = Release;
		};
		7E2C0EB41C319A6F00F9A2D4 /* Debug */ = {
			isa = XCBuildConfiguration;
			buildSettings = {
				BUNDLE_LOADER = "$(TEST_HOST)";
				INFOPLIST_FILE = macScreenGetTestTests/Info.plist;
				LD_RUNPATH_SEARCH_PATHS = "$(inherited) @executable_path/Frameworks @loader_path/Frameworks";
				PRODUCT_BUNDLE_IDENTIFIER = com.rishimasand.macScreenGetTestTests;
				PRODUCT_NAME = "$(TARGET_NAME)";
				TEST_HOST = "$(BUILT_PRODUCTS_DIR)/macScreenGetTest.app/macScreenGetTest";
			};
			name = Debug;
		};
		7E2C0EB51C319A6F00F9A2D4 /* Release */ = {
			isa = XCBuildConfiguration;
			buildSettings = {
				BUNDLE_LOADER = "$(TEST_HOST)";
				INFOPLIST_FILE = macScreenGetTestTests/Info.plist;
				LD_RUNPATH_SEARCH_PATHS = "$(inherited) @executable_path/Frameworks @loader_path/Frameworks";
				PRODUCT_BUNDLE_IDENTIFIER = com.rishimasand.macScreenGetTestTests;
				PRODUCT_NAME = "$(TARGET_NAME)";
				TEST_HOST = "$(BUILT_PRODUCTS_DIR)/macScreenGetTest.app/macScreenGetTest";
			};
			name = Release;
		};
		7E2C0EB71C319A6F00F9A2D4 /* Debug */ = {
			isa = XCBuildConfiguration;
			buildSettings = {
				INFOPLIST_FILE = macScreenGetTestUITests/Info.plist;
				LD_RUNPATH_SEARCH_PATHS = "$(inherited) @executable_path/Frameworks @loader_path/Frameworks";
				PRODUCT_BUNDLE_IDENTIFIER = com.rishimasand.macScreenGetTestUITests;
				PRODUCT_NAME = "$(TARGET_NAME)";
				TEST_TARGET_NAME = macScreenGetTest;
				USES_XCTRUNNER = YES;
			};
			name = Debug;
		};
		7E2C0EB81C319A6F00F9A2D4 /* Release */ = {
			isa = XCBuildConfiguration;
			buildSettings = {
				INFOPLIST_FILE = macScreenGetTestUITests/Info.plist;
				LD_RUNPATH_SEARCH_PATHS = "$(inherited) @executable_path/Frameworks @loader_path/Frameworks";
				PRODUCT_BUNDLE_IDENTIFIER = com.rishimasand.macScreenGetTestUITests;
				PRODUCT_NAME = "$(TARGET_NAME)";
				TEST_TARGET_NAME = macScreenGetTest;
				USES_XCTRUNNER = YES;
			};
			name = Release;
		};
/* End XCBuildConfiguration section */

/* Begin XCConfigurationList section */
		7E2C0E831C319A6F00F9A2D4 /* Build configuration list for PBXProject "macScreenGetTest" */ = {
			isa = XCConfigurationList;
			buildConfigurations = (
				7E2C0EAE1C319A6F00F9A2D4 /* Debug */,
				7E2C0EAF1C319A6F00F9A2D4 /* Release */,
			);
			defaultConfigurationIsVisible = 0;
			defaultConfigurationName = Release;
		};
		7E2C0EB01C319A6F00F9A2D4 /* Build configuration list for PBXNativeTarget "macScreenGetTest" */ = {
			isa = XCConfigurationList;
			buildConfigurations = (
				7E2C0EB11C319A6F00F9A2D4 /* Debug */,
				7E2C0EB21C319A6F00F9A2D4 /* Release */,
			);
			defaultConfigurationIsVisible = 0;
		};
		7E2C0EB31C319A6F00F9A2D4 /* Build configuration list for PBXNativeTarget "macScreenGetTestTests" */ = {
			isa = XCConfigurationList;
			buildConfigurations = (
				7E2C0EB41C319A6F00F9A2D4 /* Debug */,
				7E2C0EB51C319A6F00F9A2D4 /* Release */,
			);
			defaultConfigurationIsVisible = 0;
		};
		7E2C0EB61C319A6F00F9A2D4 /* Build configuration list for PBXNativeTarget "macScreenGetTestUITests" */ = {
			isa = XCConfigurationList;
			buildConfigurations = (
				7E2C0EB71C319A6F00F9A2D4 /* Debug */,
				7E2C0EB81C319A6F00F9A2D4 /* Release */,
			);
			defaultConfigurationIsVisible = 0;
		};
/* End XCConfigurationList section */
	};
	rootObject = 7E2C0E801C319A6F00F9A2D4 /* Project object */;
}
